
Microsoft Visual Studio Solution File, Format Version 12.00
# Visual Studio Version 16
VisualStudioVersion = 16.0.29911.84
MinimumVisualStudioVersion = 10.0.40219.1
Project("{FAE04EC0-301F-11D3-BF4B-00C04F79EFBC}") = "InternetConnectionMonitor", "InternetConnectionMonitor\InternetConnectionMonitor.csproj", "{4869FA30-2996-4F73-9F54-CF6FCE9E9141}"
EndProject
Global
	GlobalSection(SolutionConfigurationPlatforms) = preSolution
		Debug|Any CPU = Debug|Any CPU
		Release|Any CPU = Release|Any CPU
	EndGlobalSection
	GlobalSection(ProjectConfigurationPlatforms) = postSolution
		{4869FA30-2996-4F73-9F54-CF6FCE9E9141}.Debug|Any CPU.ActiveCfg = Debug|Any CPU
		{4869FA30-2996-4F73-9F54-CF6FCE9E9141}.Debug|Any CPU.Build.0 = Debug|Any CPU
		{4869FA30-2996-4F73-9F54-CF6FCE9E9141}.Release|Any CPU.ActiveCfg = Release|Any CPU
		{4869FA30-2996-4F73-9F54-CF6FCE9E9141}.Release|Any CPU.Build.0 = Release|Any CPU
	EndGlobalSection
	GlobalSection(SolutionProperties) = preSolution
		HideSolutionNode = FALSE
	EndGlobalSection
	GlobalSection(ExtensibilityGlobals) = postSolution
		SolutionGuid = {D10CC3D6-3090-4462-9E93-88D1E416FEC6}
	EndGlobalSection
EndGlobal
